
Microsoft Visual Studio Solution File, Format Version 12.00
# Visual Studio Version 17
VisualStudioVersion = 17.5.002.0
MinimumVisualStudioVersion = 10.0.40219.1
Project("{9A19103F-16F7-4668-BE54-9A1E7A4F7556}") = "api", "api\api.csproj", "{0055C316-0D87-43C1-BD65-43D8D7259316}"
EndProject
Global
	GlobalSection(SolutionConfigurationPlatforms) = preSolution
		Debug|Any CPU = Debug|Any CPU
		Release|Any CPU = Release|Any CPU
	EndGlobalSection
	GlobalSection(ProjectConfigurationPlatforms) = postSolution
		{0055C316-0D87-43C1-BD65-43D8D7259316}.Debug|Any CPU.ActiveCfg = Debug|Any CPU
		{0055C316-0D87-43C1-BD65-43D8D7259316}.Debug|Any CPU.Build.0 = Debug|Any CPU
		{0055C316-0D87-43C1-BD65-43D8D7259316}.Release|Any CPU.ActiveCfg = Release|Any CPU
		{0055C316-0D87-43C1-BD65-43D8D7259316}.Release|Any CPU.Build.0 = Release|Any CPU
	EndGlobalSection
	GlobalSection(SolutionProperties) = preSolution
		HideSolutionNode = FALSE
	EndGlobalSection
	GlobalSection(ExtensibilityGlobals) = postSolution
		SolutionGuid = {F8AFD495-686E-4280-BE71-F6DCD81C8FEC}
	EndGlobalSection
EndGlobal
