
Microsoft Visual Studio Solution File, Format Version 12.00
# Visual Studio Version 17
VisualStudioVersion = 17.5.002.0
MinimumVisualStudioVersion = 10.0.40219.1
Project("{2150E333-8FDC-42A3-9474-1A3956D46DE8}") = "Source", "Source", "{18745F4F-92DB-4A22-B5CF-01CD5BBB892D}"
EndProject
Project("{2150E333-8FDC-42A3-9474-1A3956D46DE8}") = "Core", "Core", "{FD92B33F-BABE-4512-82C0-1D643ACBD8CD}"
EndProject
Project("{9A19103F-16F7-4668-BE54-9A1E7A4F7556}") = "SIS.Domain", "Source\Core\SIS.Domain\SIS.Domain.csproj", "{F80217E0-C99F-4F45-A230-E36037E1EBE3}"
EndProject
Project("{2150E333-8FDC-42A3-9474-1A3956D46DE8}") = "Infrastructure", "Infrastructure", "{A42B7FDA-1C2C-453E-8855-BB8E1EAECDE1}"
EndProject
Project("{9A19103F-16F7-4668-BE54-9A1E7A4F7556}") = "SIS.Infrastructure", "Source\Infrastructure\SIS.Infrastructure\SIS.Infrastructure.csproj", "{C6C877A8-B68A-483D-8F57-AC821F8DFE5A}"
EndProject
Project("{9A19103F-16F7-4668-BE54-9A1E7A4F7556}") = "SIS.Persistence", "Source\Infrastructure\SIS.Persistence\SIS.Persistence.csproj", "{5CAC0C4D-5830-4DE4-9E12-B3BB7E452BEE}"
EndProject
Project("{2150E333-8FDC-42A3-9474-1A3956D46DE8}") = "Presentation", "Presentation", "{875B7074-19F3-4C99-8262-34AA3E42C319}"
EndProject
Project("{9A19103F-16F7-4668-BE54-9A1E7A4F7556}") = "SIS.API", "Source\Presentation\SIS.API\SIS.API.csproj", "{E659A847-272B-4D20-8E1D-6F77425A2768}"
EndProject
Project("{2150E333-8FDC-42A3-9474-1A3956D46DE8}") = "Tests", "Tests", "{33B563C8-65DC-43FD-A8F9-511449683EA0}"
EndProject
Project("{9A19103F-16F7-4668-BE54-9A1E7A4F7556}") = "SIS.UnitTest", "Tests\SIS.UnitTest\SIS.UnitTest.csproj", "{392354D1-ED7E-495C-B601-4F2EF9B1DD42}"
EndProject
Project("{FAE04EC0-301F-11D3-BF4B-00C04F79EFBC}") = "SIS.Application", "Source\Core\SIS.Application\SIS.Application.csproj", "{FD17BB24-A677-4D20-928C-12351B1235D6}"
EndProject
Global
	GlobalSection(SolutionConfigurationPlatforms) = preSolution
		Debug|Any CPU = Debug|Any CPU
		Release|Any CPU = Release|Any CPU
	EndGlobalSection
	GlobalSection(ProjectConfigurationPlatforms) = postSolution
		{F80217E0-C99F-4F45-A230-E36037E1EBE3}.Debug|Any CPU.ActiveCfg = Debug|Any CPU
		{F80217E0-C99F-4F45-A230-E36037E1EBE3}.Debug|Any CPU.Build.0 = Debug|Any CPU
		{F80217E0-C99F-4F45-A230-E36037E1EBE3}.Release|Any CPU.ActiveCfg = Release|Any CPU
		{F80217E0-C99F-4F45-A230-E36037E1EBE3}.Release|Any CPU.Build.0 = Release|Any CPU
		{C6C877A8-B68A-483D-8F57-AC821F8DFE5A}.Debug|Any CPU.ActiveCfg = Debug|Any CPU
		{C6C877A8-B68A-483D-8F57-AC821F8DFE5A}.Debug|Any CPU.Build.0 = Debug|Any CPU
		{C6C877A8-B68A-483D-8F57-AC821F8DFE5A}.Release|Any CPU.ActiveCfg = Release|Any CPU
		{C6C877A8-B68A-483D-8F57-AC821F8DFE5A}.Release|Any CPU.Build.0 = Release|Any CPU
		{5CAC0C4D-5830-4DE4-9E12-B3BB7E452BEE}.Debug|Any CPU.ActiveCfg = Debug|Any CPU
		{5CAC0C4D-5830-4DE4-9E12-B3BB7E452BEE}.Debug|Any CPU.Build.0 = Debug|Any CPU
		{5CAC0C4D-5830-4DE4-9E12-B3BB7E452BEE}.Release|Any CPU.ActiveCfg = Release|Any CPU
		{5CAC0C4D-5830-4DE4-9E12-B3BB7E452BEE}.Release|Any CPU.Build.0 = Release|Any CPU
		{E659A847-272B-4D20-8E1D-6F77425A2768}.Debug|Any CPU.ActiveCfg = Debug|Any CPU
		{E659A847-272B-4D20-8E1D-6F77425A2768}.Debug|Any CPU.Build.0 = Debug|Any CPU
		{E659A847-272B-4D20-8E1D-6F77425A2768}.Release|Any CPU.ActiveCfg = Release|Any CPU
		{E659A847-272B-4D20-8E1D-6F77425A2768}.Release|Any CPU.Build.0 = Release|Any CPU
		{392354D1-ED7E-495C-B601-4F2EF9B1DD42}.Debug|Any CPU.ActiveCfg = Debug|Any CPU
		{392354D1-ED7E-495C-B601-4F2EF9B1DD42}.Debug|Any CPU.Build.0 = Debug|Any CPU
		{392354D1-ED7E-495C-B601-4F2EF9B1DD42}.Release|Any CPU.ActiveCfg = Release|Any CPU
		{392354D1-ED7E-495C-B601-4F2EF9B1DD42}.Release|Any CPU.Build.0 = Release|Any CPU
		{FD17BB24-A677-4D20-928C-12351B1235D6}.Debug|Any CPU.ActiveCfg = Debug|Any CPU
		{FD17BB24-A677-4D20-928C-12351B1235D6}.Debug|Any CPU.Build.0 = Debug|Any CPU
		{FD17BB24-A677-4D20-928C-12351B1235D6}.Release|Any CPU.ActiveCfg = Release|Any CPU
		{FD17BB24-A677-4D20-928C-12351B1235D6}.Release|Any CPU.Build.0 = Release|Any CPU
	EndGlobalSection
	GlobalSection(SolutionProperties) = preSolution
		HideSolutionNode = FALSE
	EndGlobalSection
	GlobalSection(NestedProjects) = preSolution
		{FD92B33F-BABE-4512-82C0-1D643ACBD8CD} = {18745F4F-92DB-4A22-B5CF-01CD5BBB892D}
		{F80217E0-C99F-4F45-A230-E36037E1EBE3} = {FD92B33F-BABE-4512-82C0-1D643ACBD8CD}
		{A42B7FDA-1C2C-453E-8855-BB8E1EAECDE1} = {18745F4F-92DB-4A22-B5CF-01CD5BBB892D}
		{C6C877A8-B68A-483D-8F57-AC821F8DFE5A} = {A42B7FDA-1C2C-453E-8855-BB8E1EAECDE1}
		{5CAC0C4D-5830-4DE4-9E12-B3BB7E452BEE} = {A42B7FDA-1C2C-453E-8855-BB8E1EAECDE1}
		{875B7074-19F3-4C99-8262-34AA3E42C319} = {18745F4F-92DB-4A22-B5CF-01CD5BBB892D}
		{E659A847-272B-4D20-8E1D-6F77425A2768} = {875B7074-19F3-4C99-8262-34AA3E42C319}
		{392354D1-ED7E-495C-B601-4F2EF9B1DD42} = {33B563C8-65DC-43FD-A8F9-511449683EA0}
		{FD17BB24-A677-4D20-928C-12351B1235D6} = {FD92B33F-BABE-4512-82C0-1D643ACBD8CD}
	EndGlobalSection
	GlobalSection(ExtensibilityGlobals) = postSolution
		SolutionGuid = {F8AFD495-686E-4280-BE71-F6DCD81C8FEC}
	EndGlobalSection
EndGlobal
